{
  "version": 4,
  "terraform_version": "0.12.26",
  "serial": 7,
  "lineage": "fa9c0da7-bfda-a8d0-e5fc-cfdc65bc4525",
  "outputs": {
    "web_url": {
      "value": "https://symfony-terraform.herokuapp.com/",
      "type": "string"
    }
  },
  "resources": [
    {
      "mode": "managed",
      "type": "heroku_addon",
      "name": "postgres",
      "provider": "provider.heroku",
      "instances": [
        {
          "schema_version": 2,
          "attributes": {
            "app": "symfony-terraform",
            "config": null,
            "config_vars": [
              "DATABASE_URL"
            ],
            "id": "4e79b7ef-25c1-45b2-bbf3-177428442a89",
            "name": "postgresql-transparent-00445",
            "plan": "heroku-postgresql:hobby-dev",
            "provider_id": "20062747"
          },
          "private": "eyJzY2hlbWFfdmVyc2lvbiI6IjIifQ==",
          "dependencies": [
            "heroku_app.this"
          ]
        }
      ]
    },
    {
      "mode": "managed",
      "type": "heroku_app",
      "name": "stage",
      "provider": "provider.heroku",
      "instances": [
        {
          "schema_version": 0,
          "attributes": {
            "acm": false,
            "all_config_vars": {},
            "buildpacks": [],
            "config_vars": {},
            "git_url": "https://git.heroku.com/symfony-terraform-stage.git",
            "heroku_hostname": "symfony-terraform-stage.herokuapp.com",
            "id": "symfony-terraform-stage",
            "internal_routing": false,
            "name": "symfony-terraform-stage",
            "organization": [],
            "region": "eu",
            "sensitive_config_vars": {},
            "space": null,
            "stack": "heroku-18",
            "uuid": "ecc5518d-271f-4a6a-b357-01babd21e150",
            "web_url": "https://symfony-terraform-stage.herokuapp.com/"
          },
          "private": "bnVsbA=="
        }
      ]
    },
    {
      "mode": "managed",
      "type": "heroku_app",
      "name": "this",
      "provider": "provider.heroku",
      "instances": [
        {
          "schema_version": 0,
          "attributes": {
            "acm": false,
            "all_config_vars": {},
            "buildpacks": [],
            "config_vars": {},
            "git_url": "https://git.heroku.com/symfony-terraform.git",
            "heroku_hostname": "symfony-terraform.herokuapp.com",
            "id": "symfony-terraform",
            "internal_routing": false,
            "name": "symfony-terraform",
            "organization": [],
            "region": "eu",
            "sensitive_config_vars": {},
            "space": null,
            "stack": "heroku-18",
            "uuid": "71ba6ab3-539e-40ce-bf3d-3e1bede3d429",
            "web_url": "https://symfony-terraform.herokuapp.com/"
          },
          "private": "bnVsbA=="
        }
      ]
    },
    {
      "mode": "managed",
      "type": "heroku_pipeline",
      "name": "symfony-terraform-pipeline",
      "provider": "provider.heroku",
      "instances": [
        {
          "schema_version": 0,
          "attributes": {
            "id": "38ad4e63-df8e-4b2b-b4f5-ea3be2e620cb",
            "name": "symfony-terraform-pipeline",
            "owner": [
              {
                "id": "0290d8c8-d85d-401b-be72-b12d1574d779",
                "type": "user"
              }
            ]
          },
          "private": "bnVsbA=="
        }
      ]
    },
    {
      "mode": "managed",
      "type": "heroku_pipeline_coupling",
      "name": "production",
      "provider": "provider.heroku",
      "instances": [
        {
          "schema_version": 0,
          "attributes": {
            "app": "symfony-terraform",
            "app_id": "71ba6ab3-539e-40ce-bf3d-3e1bede3d429",
            "id": "09559444-1cd6-4c6a-8859-48752d056187",
            "pipeline": "38ad4e63-df8e-4b2b-b4f5-ea3be2e620cb",
            "stage": "production"
          },
          "private": "bnVsbA==",
          "dependencies": [
            "heroku_app.this",
            "heroku_pipeline.symfony-terraform-pipeline"
          ]
        }
      ]
    },
    {
      "mode": "managed",
      "type": "heroku_pipeline_coupling",
      "name": "staging",
      "provider": "provider.heroku",
      "instances": [
        {
          "schema_version": 0,
          "attributes": {
            "app": "symfony-terraform-stage",
            "app_id": "ecc5518d-271f-4a6a-b357-01babd21e150",
            "id": "dfe253a1-3811-4550-ba83-1e5dde148423",
            "pipeline": "38ad4e63-df8e-4b2b-b4f5-ea3be2e620cb",
            "stage": "staging"
          },
          "private": "bnVsbA==",
          "dependencies": [
            "heroku_app.stage",
            "heroku_pipeline.symfony-terraform-pipeline"
          ]
        }
      ]
    }
  ]
}
